
Microsoft Visual Studio Solution File, Format Version 12.00
# Visual Studio Version 16
VisualStudioVersion = 16.0.32413.511
MinimumVisualStudioVersion = 10.0.40219.1
Project("{FAE04EC0-301F-11D3-BF4B-00C04F79EFBC}") = "TTS", "TTS\TTS.csproj", "{1051FCAE-DE28-40FB-BF7D-42313944566B}"
EndProject
Global
	GlobalSection(SolutionConfigurationPlatforms) = preSolution
		Debug|Any CPU = Debug|Any CPU
		Release|Any CPU = Release|Any CPU
	EndGlobalSection
	GlobalSection(ProjectConfigurationPlatforms) = postSolution
		{1051FCAE-DE28-40FB-BF7D-42313944566B}.Debug|Any CPU.ActiveCfg = Debug|Any CPU
		{1051FCAE-DE28-40FB-BF7D-42313944566B}.Debug|Any CPU.Build.0 = Debug|Any CPU
		{1051FCAE-DE28-40FB-BF7D-42313944566B}.Release|Any CPU.ActiveCfg = Release|Any CPU
		{1051FCAE-DE28-40FB-BF7D-42313944566B}.Release|Any CPU.Build.0 = Release|Any CPU
	EndGlobalSection
	GlobalSection(SolutionProperties) = preSolution
		HideSolutionNode = FALSE
	EndGlobalSection
	GlobalSection(ExtensibilityGlobals) = postSolution
		SolutionGuid = {81A4CA31-3565-4E12-9280-E5F043F821C4}
	EndGlobalSection
EndGlobal
